
Microsoft Visual Studio Solution File, Format Version 12.00
# Visual Studio Version 16
VisualStudioVersion = 16.0.30717.126
MinimumVisualStudioVersion = 10.0.40219.1
Project("{FAE04EC0-301F-11D3-BF4B-00C04F79EFBC}") = "Application22", "Application22\Application22.csproj", "{14BDAAA6-12D3-4534-92E3-ACFDC7CA1EDE}"
EndProject
Global
	GlobalSection(SolutionConfigurationPlatforms) = preSolution
		Debug|Any CPU = Debug|Any CPU
		Release|Any CPU = Release|Any CPU
	EndGlobalSection
	GlobalSection(ProjectConfigurationPlatforms) = postSolution
		{14BDAAA6-12D3-4534-92E3-ACFDC7CA1EDE}.Debug|Any CPU.ActiveCfg = Debug|Any CPU
		{14BDAAA6-12D3-4534-92E3-ACFDC7CA1EDE}.Debug|Any CPU.Build.0 = Debug|Any CPU
		{14BDAAA6-12D3-4534-92E3-ACFDC7CA1EDE}.Release|Any CPU.ActiveCfg = Release|Any CPU
		{14BDAAA6-12D3-4534-92E3-ACFDC7CA1EDE}.Release|Any CPU.Build.0 = Release|Any CPU
	EndGlobalSection
	GlobalSection(SolutionProperties) = preSolution
		HideSolutionNode = FALSE
	EndGlobalSection
	GlobalSection(ExtensibilityGlobals) = postSolution
		SolutionGuid = {91227521-4F3F-426F-B6CD-7DD24C92AB05}
	EndGlobalSection
EndGlobal
