
Microsoft Visual Studio Solution File, Format Version 12.00
# Visual Studio Version 16
VisualStudioVersion = 16.0.30717.126
MinimumVisualStudioVersion = 10.0.40219.1
Project("{FAE04EC0-301F-11D3-BF4B-00C04F79EFBC}") = "Application48", "Application48\Application48.csproj", "{24917097-0285-4507-843D-073EA4BA0AF3}"
EndProject
Global
	GlobalSection(SolutionConfigurationPlatforms) = preSolution
		Debug|Any CPU = Debug|Any CPU
		Release|Any CPU = Release|Any CPU
	EndGlobalSection
	GlobalSection(ProjectConfigurationPlatforms) = postSolution
		{24917097-0285-4507-843D-073EA4BA0AF3}.Debug|Any CPU.ActiveCfg = Debug|Any CPU
		{24917097-0285-4507-843D-073EA4BA0AF3}.Debug|Any CPU.Build.0 = Debug|Any CPU
		{24917097-0285-4507-843D-073EA4BA0AF3}.Release|Any CPU.ActiveCfg = Release|Any CPU
		{24917097-0285-4507-843D-073EA4BA0AF3}.Release|Any CPU.Build.0 = Release|Any CPU
	EndGlobalSection
	GlobalSection(SolutionProperties) = preSolution
		HideSolutionNode = FALSE
	EndGlobalSection
	GlobalSection(ExtensibilityGlobals) = postSolution
		SolutionGuid = {48987E62-0581-4519-A9F0-A025679A9A2E}
	EndGlobalSection
EndGlobal
