
Microsoft Visual Studio Solution File, Format Version 12.00
# Visual Studio Version 16
VisualStudioVersion = 16.0.30717.126
MinimumVisualStudioVersion = 10.0.40219.1
Project("{FAE04EC0-301F-11D3-BF4B-00C04F79EFBC}") = "Application19", "Application19\Application19.csproj", "{AEF579B9-96F5-47CC-85CD-E548FFFB418A}"
EndProject
Global
	GlobalSection(SolutionConfigurationPlatforms) = preSolution
		Debug|Any CPU = Debug|Any CPU
		Release|Any CPU = Release|Any CPU
	EndGlobalSection
	GlobalSection(ProjectConfigurationPlatforms) = postSolution
		{AEF579B9-96F5-47CC-85CD-E548FFFB418A}.Debug|Any CPU.ActiveCfg = Debug|Any CPU
		{AEF579B9-96F5-47CC-85CD-E548FFFB418A}.Debug|Any CPU.Build.0 = Debug|Any CPU
		{AEF579B9-96F5-47CC-85CD-E548FFFB418A}.Release|Any CPU.ActiveCfg = Release|Any CPU
		{AEF579B9-96F5-47CC-85CD-E548FFFB418A}.Release|Any CPU.Build.0 = Release|Any CPU
	EndGlobalSection
	GlobalSection(SolutionProperties) = preSolution
		HideSolutionNode = FALSE
	EndGlobalSection
	GlobalSection(ExtensibilityGlobals) = postSolution
		SolutionGuid = {D082BD20-5504-4F6F-943F-1FEFEB430EE7}
	EndGlobalSection
EndGlobal
