
Microsoft Visual Studio Solution File, Format Version 12.00
# Visual Studio Version 16
VisualStudioVersion = 16.0.30717.126
MinimumVisualStudioVersion = 10.0.40219.1
Project("{FAE04EC0-301F-11D3-BF4B-00C04F79EFBC}") = "Application16", "Application16\Application16.csproj", "{686A3059-FE29-4059-A6F5-C3DA7A157F4B}"
EndProject
Global
	GlobalSection(SolutionConfigurationPlatforms) = preSolution
		Debug|Any CPU = Debug|Any CPU
		Release|Any CPU = Release|Any CPU
	EndGlobalSection
	GlobalSection(ProjectConfigurationPlatforms) = postSolution
		{686A3059-FE29-4059-A6F5-C3DA7A157F4B}.Debug|Any CPU.ActiveCfg = Debug|Any CPU
		{686A3059-FE29-4059-A6F5-C3DA7A157F4B}.Debug|Any CPU.Build.0 = Debug|Any CPU
		{686A3059-FE29-4059-A6F5-C3DA7A157F4B}.Release|Any CPU.ActiveCfg = Release|Any CPU
		{686A3059-FE29-4059-A6F5-C3DA7A157F4B}.Release|Any CPU.Build.0 = Release|Any CPU
	EndGlobalSection
	GlobalSection(SolutionProperties) = preSolution
		HideSolutionNode = FALSE
	EndGlobalSection
	GlobalSection(ExtensibilityGlobals) = postSolution
		SolutionGuid = {54C8F6C0-FBB1-4476-AF0C-DB0F7B5AB7DC}
	EndGlobalSection
EndGlobal
