
Microsoft Visual Studio Solution File, Format Version 12.00
# Visual Studio Version 16
VisualStudioVersion = 16.0.30717.126
MinimumVisualStudioVersion = 10.0.40219.1
Project("{FAE04EC0-301F-11D3-BF4B-00C04F79EFBC}") = "Application27", "Application27\Application27.csproj", "{B57BD80E-2E9C-478E-AF18-33C1D2C36363}"
EndProject
Global
	GlobalSection(SolutionConfigurationPlatforms) = preSolution
		Debug|Any CPU = Debug|Any CPU
		Release|Any CPU = Release|Any CPU
	EndGlobalSection
	GlobalSection(ProjectConfigurationPlatforms) = postSolution
		{B57BD80E-2E9C-478E-AF18-33C1D2C36363}.Debug|Any CPU.ActiveCfg = Debug|Any CPU
		{B57BD80E-2E9C-478E-AF18-33C1D2C36363}.Debug|Any CPU.Build.0 = Debug|Any CPU
		{B57BD80E-2E9C-478E-AF18-33C1D2C36363}.Release|Any CPU.ActiveCfg = Release|Any CPU
		{B57BD80E-2E9C-478E-AF18-33C1D2C36363}.Release|Any CPU.Build.0 = Release|Any CPU
	EndGlobalSection
	GlobalSection(SolutionProperties) = preSolution
		HideSolutionNode = FALSE
	EndGlobalSection
	GlobalSection(ExtensibilityGlobals) = postSolution
		SolutionGuid = {A697F659-FAED-4E9A-A39F-0D15140EFD99}
	EndGlobalSection
EndGlobal
